
Microsoft Visual Studio Solution File, Format Version 12.00
# Visual Studio Version 17
VisualStudioVersion = 17.0.31903.59
MinimumVisualStudioVersion = 10.0.40219.1
Project("{9A19103F-16F7-4668-BE54-9A1E7A4F7556}") = "ConsoleApp1", "ConsoleApp1\ConsoleApp1.csproj", "{F17419BE-25E7-4DC1-8DE7-8E3435236EC1}"
EndProject
Project("{9A19103F-16F7-4668-BE54-9A1E7A4F7556}") = "ConsoleApp2", "ConsoleApp2\ConsoleApp2.csproj", "{E16F66C4-BEA3-4D20-9BF1-966D875FEF75}"
EndProject
Project("{FAE04EC0-301F-11D3-BF4B-00C04F79EFBC}") = "ConsoleApp3", "ConsoleApp3\ConsoleApp3.csproj", "{5BCF2329-3B3E-415A-BDB5-C29EA5473087}"
EndProject
Global
	GlobalSection(SolutionConfigurationPlatforms) = preSolution
		Debug|Any CPU = Debug|Any CPU
		Release|Any CPU = Release|Any CPU
	EndGlobalSection
	GlobalSection(ProjectConfigurationPlatforms) = postSolution
		{F17419BE-25E7-4DC1-8DE7-8E3435236EC1}.Debug|Any CPU.ActiveCfg = Debug|Any CPU
		{F17419BE-25E7-4DC1-8DE7-8E3435236EC1}.Debug|Any CPU.Build.0 = Debug|Any CPU
		{F17419BE-25E7-4DC1-8DE7-8E3435236EC1}.Release|Any CPU.ActiveCfg = Release|Any CPU
		{F17419BE-25E7-4DC1-8DE7-8E3435236EC1}.Release|Any CPU.Build.0 = Release|Any CPU
		{E16F66C4-BEA3-4D20-9BF1-966D875FEF75}.Debug|Any CPU.ActiveCfg = Debug|Any CPU
		{E16F66C4-BEA3-4D20-9BF1-966D875FEF75}.Debug|Any CPU.Build.0 = Debug|Any CPU
		{E16F66C4-BEA3-4D20-9BF1-966D875FEF75}.Release|Any CPU.ActiveCfg = Release|Any CPU
		{E16F66C4-BEA3-4D20-9BF1-966D875FEF75}.Release|Any CPU.Build.0 = Release|Any CPU
		{5BCF2329-3B3E-415A-BDB5-C29EA5473087}.Debug|Any CPU.ActiveCfg = Debug|Any CPU
		{5BCF2329-3B3E-415A-BDB5-C29EA5473087}.Debug|Any CPU.Build.0 = Debug|Any CPU
		{5BCF2329-3B3E-415A-BDB5-C29EA5473087}.Release|Any CPU.ActiveCfg = Release|Any CPU
		{5BCF2329-3B3E-415A-BDB5-C29EA5473087}.Release|Any CPU.Build.0 = Release|Any CPU
	EndGlobalSection
	GlobalSection(SolutionProperties) = preSolution
		HideSolutionNode = FALSE
	EndGlobalSection
	GlobalSection(ExtensibilityGlobals) = postSolution
		SolutionGuid = {9D5541EF-2051-42B4-943B-D9A6DA9850A8}
	EndGlobalSection
EndGlobal
